
Microsoft Visual Studio Solution File, Format Version 12.00
# Visual Studio Version 17
VisualStudioVersion = 17.0.31903.59
MinimumVisualStudioVersion = 10.0.40219.1
Project("{FAE04EC0-301F-11D3-BF4B-00C04F79EFBC}") = "BasicMarkovChain.ConsoleApp", "BasicMarkovChain.ConsoleApp\BasicMarkovChain.ConsoleApp.csproj", "{BC38259B-5132-4E20-A2F9-A8BC4BE93E97}"
EndProject
Global
	GlobalSection(SolutionConfigurationPlatforms) = preSolution
		Debug|Any CPU = Debug|Any CPU
		Release|Any CPU = Release|Any CPU
	EndGlobalSection
	GlobalSection(SolutionProperties) = preSolution
		HideSolutionNode = FALSE
	EndGlobalSection
	GlobalSection(ProjectConfigurationPlatforms) = postSolution
		{BC38259B-5132-4E20-A2F9-A8BC4BE93E97}.Debug|Any CPU.ActiveCfg = Debug|Any CPU
		{BC38259B-5132-4E20-A2F9-A8BC4BE93E97}.Debug|Any CPU.Build.0 = Debug|Any CPU
		{BC38259B-5132-4E20-A2F9-A8BC4BE93E97}.Release|Any CPU.ActiveCfg = Release|Any CPU
		{BC38259B-5132-4E20-A2F9-A8BC4BE93E97}.Release|Any CPU.Build.0 = Release|Any CPU
	EndGlobalSection
EndGlobal
